{
  "version": "5",
  "specifiers": {
    "jsr:@b-fuze/deno-dom@*": "0.1.56",
    "jsr:@hono/hono@*": "4.12.10"
  },
  "jsr": {
    "@b-fuze/deno-dom@0.1.56": {
      "integrity": "8030e2dc1d8750f1682b53462ab893d9c3470f2287feecbe22f44a88c54ab148"
    },
    "@hono/hono@4.12.10": {
      "integrity": "6e608e50bb13fd0933e86fda95d31c1ff57d1c8774ed585d6a8b8fc1bdd82c82"
    }
  },
  "workspace": {
    "dependencies": [
      "jsr:@b-fuze/deno-dom@*",
      "jsr:@hono/hono@*"
    ]
  }
}
